
Microsoft Visual Studio Solution File, Format Version 12.00
# Visual Studio 2012
Project("{FAE04EC0-301F-11D3-BF4B-00C04F79EFBC}") = "CallWall.Web", "src\CallWall.Web\CallWall.Web.csproj", "{99018229-EAA3-406F-BF5B-0EB28E4B30F0}"
	ProjectSection(ProjectDependencies) = postProject
		{BE00BE07-F1C7-4998-B801-7FE1AB4D6B99} = {BE00BE07-F1C7-4998-B801-7FE1AB4D6B99}
		{A09E0B89-5FA8-4493-938F-35C180D5FDEC} = {A09E0B89-5FA8-4493-938F-35C180D5FDEC}
		{00269FFF-9346-4A9C-BEF7-113E311313CC} = {00269FFF-9346-4A9C-BEF7-113E311313CC}
	EndProjectSection
EndProject
Project("{2150E333-8FDC-42A3-9474-1A3956D46DE8}") = "Providers", "Providers", "{FB54BAB6-A5B2-4C45-93C3-AD715D1B61F7}"
EndProject
Project("{FAE04EC0-301F-11D3-BF4B-00C04F79EFBC}") = "CallWall.Web.Core", "src\CallWall.Web.Core\CallWall.Web.Core.csproj", "{C7CE45A6-B602-4287-A3D8-EF91C0701DC9}"
EndProject
Project("{FAE04EC0-301F-11D3-BF4B-00C04F79EFBC}") = "CallWall.Web.GoogleProvider", "src\CallWall.Web.GoogleProvider\CallWall.Web.GoogleProvider.csproj", "{BE00BE07-F1C7-4998-B801-7FE1AB4D6B99}"
EndProject
Project("{FAE04EC0-301F-11D3-BF4B-00C04F79EFBC}") = "CallWall.Web.GoogleProviderFake", "src\CallWall.Web.GoogleProviderFake\CallWall.Web.GoogleProviderFake.csproj", "{A09E0B89-5FA8-4493-938F-35C180D5FDEC}"
EndProject
Project("{2150E333-8FDC-42A3-9474-1A3956D46DE8}") = "Solution Items", "Solution Items", "{E66FC3B3-CF48-47EA-B023-A372300D352A}"
	ProjectSection(SolutionItems) = preProject
		CallWall.Web.build = CallWall.Web.build
		README.md = README.md
	EndProjectSection
EndProject
Project("{2150E333-8FDC-42A3-9474-1A3956D46DE8}") = ".nuget", ".nuget", "{CF707201-7455-42EF-9A4D-084D6224E11B}"
	ProjectSection(SolutionItems) = preProject
		.nuget\NuGet.Config = .nuget\NuGet.Config
		.nuget\NuGet.exe = .nuget\NuGet.exe
		.nuget\NuGet.targets = .nuget\NuGet.targets
	EndProjectSection
EndProject
Project("{FAE04EC0-301F-11D3-BF4B-00C04F79EFBC}") = "CallWall.Web.LinkedInProvider", "src\CallWall.Web.LinkedInProvider\CallWall.Web.LinkedInProvider.csproj", "{00269FFF-9346-4A9C-BEF7-113E311313CC}"
EndProject
Project("{2150E333-8FDC-42A3-9474-1A3956D46DE8}") = "Tests", "Tests", "{B71E4E53-6185-4F0C-9262-340E744C3C20}"
EndProject
Project("{FAE04EC0-301F-11D3-BF4B-00C04F79EFBC}") = "CallWall.Web.Client.Tests", "src\CallWall.Web.Client.Tests\CallWall.Web.Client.Tests.csproj", "{493BF281-3FDA-4900-BECB-72A4AE60A237}"
EndProject
Project("{FAE04EC0-301F-11D3-BF4B-00C04F79EFBC}") = "CallWall.Web.EventStore", "src\CallWall.Web.EventStore\CallWall.Web.EventStore.csproj", "{191B20F0-2E16-4075-83FD-7A151EE2820D}"
EndProject
Project("{2150E333-8FDC-42A3-9474-1A3956D46DE8}") = "Repositories", "Repositories", "{B3115B1E-7CB6-4D1D-8036-1571EE15803B}"
EndProject
Project("{FAE04EC0-301F-11D3-BF4B-00C04F79EFBC}") = "CallWall.Web.EventStore.Tests", "src\CallWall.Web.EventStore.Tests\CallWall.Web.EventStore.Tests.csproj", "{19AE2B76-62BA-46D1-BD66-35EAE9167E5C}"
EndProject
Project("{FAE04EC0-301F-11D3-BF4B-00C04F79EFBC}") = "CallWall.Web.GoogleProvider.Tests", "src\CallWall.Web.GoogleProvider.Tests\CallWall.Web.GoogleProvider.Tests.csproj", "{93AF0C51-D326-4A72-BB2A-DE341174F0BF}"
EndProject
Project("{2150E333-8FDC-42A3-9474-1A3956D46DE8}") = "EventStore", "EventStore", "{D0E45AA7-5631-4857-B375-24B1DB8A060A}"
	ProjectSection(SolutionItems) = preProject
		tools\Install-EventStore.ps1 = tools\Install-EventStore.ps1
		tools\InstallLocalEventStoreServer.bat = tools\InstallLocalEventStoreServer.bat
		tools\StartDevLocalEventStore.bat = tools\StartDevLocalEventStore.bat
		tools\StartInMemoryLocalEventStore.bat = tools\StartInMemoryLocalEventStore.bat
	EndProjectSection
EndProject
Project("{FAE04EC0-301F-11D3-BF4B-00C04F79EFBC}") = "CallWall.Web.Core.Tests", "src\CallWall.Web.Core.Tests\CallWall.Web.Core.Tests.csproj", "{E122F8DC-27A4-40C1-A4F5-3E8E8C04603D}"
EndProject
Global
	GlobalSection(SolutionConfigurationPlatforms) = preSolution
		Debug (With Fakes)|Any CPU = Debug (With Fakes)|Any CPU
		Debug|Any CPU = Debug|Any CPU
		Release|Any CPU = Release|Any CPU
	EndGlobalSection
	GlobalSection(ProjectConfigurationPlatforms) = postSolution
		{99018229-EAA3-406F-BF5B-0EB28E4B30F0}.Debug (With Fakes)|Any CPU.ActiveCfg = Debug (With Fakes)|Any CPU
		{99018229-EAA3-406F-BF5B-0EB28E4B30F0}.Debug (With Fakes)|Any CPU.Build.0 = Debug (With Fakes)|Any CPU
		{99018229-EAA3-406F-BF5B-0EB28E4B30F0}.Debug|Any CPU.ActiveCfg = Debug|Any CPU
		{99018229-EAA3-406F-BF5B-0EB28E4B30F0}.Debug|Any CPU.Build.0 = Debug|Any CPU
		{99018229-EAA3-406F-BF5B-0EB28E4B30F0}.Release|Any CPU.ActiveCfg = Release|Any CPU
		{99018229-EAA3-406F-BF5B-0EB28E4B30F0}.Release|Any CPU.Build.0 = Release|Any CPU
		{C7CE45A6-B602-4287-A3D8-EF91C0701DC9}.Debug (With Fakes)|Any CPU.ActiveCfg = Debug (With Fakes)|Any CPU
		{C7CE45A6-B602-4287-A3D8-EF91C0701DC9}.Debug (With Fakes)|Any CPU.Build.0 = Debug (With Fakes)|Any CPU
		{C7CE45A6-B602-4287-A3D8-EF91C0701DC9}.Debug|Any CPU.ActiveCfg = Debug|Any CPU
		{C7CE45A6-B602-4287-A3D8-EF91C0701DC9}.Debug|Any CPU.Build.0 = Debug|Any CPU
		{C7CE45A6-B602-4287-A3D8-EF91C0701DC9}.Release|Any CPU.ActiveCfg = Release|Any CPU
		{C7CE45A6-B602-4287-A3D8-EF91C0701DC9}.Release|Any CPU.Build.0 = Release|Any CPU
		{BE00BE07-F1C7-4998-B801-7FE1AB4D6B99}.Debug (With Fakes)|Any CPU.ActiveCfg = Debug (With Fakes)|Any CPU
		{BE00BE07-F1C7-4998-B801-7FE1AB4D6B99}.Debug|Any CPU.ActiveCfg = Debug|Any CPU
		{BE00BE07-F1C7-4998-B801-7FE1AB4D6B99}.Debug|Any CPU.Build.0 = Debug|Any CPU
		{BE00BE07-F1C7-4998-B801-7FE1AB4D6B99}.Release|Any CPU.ActiveCfg = Release|Any CPU
		{BE00BE07-F1C7-4998-B801-7FE1AB4D6B99}.Release|Any CPU.Build.0 = Release|Any CPU
		{A09E0B89-5FA8-4493-938F-35C180D5FDEC}.Debug (With Fakes)|Any CPU.ActiveCfg = Debug (With Fakes)|Any CPU
		{A09E0B89-5FA8-4493-938F-35C180D5FDEC}.Debug (With Fakes)|Any CPU.Build.0 = Debug (With Fakes)|Any CPU
		{A09E0B89-5FA8-4493-938F-35C180D5FDEC}.Debug|Any CPU.ActiveCfg = Debug|Any CPU
		{A09E0B89-5FA8-4493-938F-35C180D5FDEC}.Release|Any CPU.ActiveCfg = Release|Any CPU
		{00269FFF-9346-4A9C-BEF7-113E311313CC}.Debug (With Fakes)|Any CPU.ActiveCfg = Debug|Any CPU
		{00269FFF-9346-4A9C-BEF7-113E311313CC}.Debug (With Fakes)|Any CPU.Build.0 = Debug|Any CPU
		{00269FFF-9346-4A9C-BEF7-113E311313CC}.Debug|Any CPU.ActiveCfg = Debug|Any CPU
		{00269FFF-9346-4A9C-BEF7-113E311313CC}.Debug|Any CPU.Build.0 = Debug|Any CPU
		{00269FFF-9346-4A9C-BEF7-113E311313CC}.Release|Any CPU.ActiveCfg = Release|Any CPU
		{00269FFF-9346-4A9C-BEF7-113E311313CC}.Release|Any CPU.Build.0 = Release|Any CPU
		{493BF281-3FDA-4900-BECB-72A4AE60A237}.Debug (With Fakes)|Any CPU.ActiveCfg = Debug|Any CPU
		{493BF281-3FDA-4900-BECB-72A4AE60A237}.Debug (With Fakes)|Any CPU.Build.0 = Debug|Any CPU
		{493BF281-3FDA-4900-BECB-72A4AE60A237}.Debug|Any CPU.ActiveCfg = Debug|Any CPU
		{493BF281-3FDA-4900-BECB-72A4AE60A237}.Debug|Any CPU.Build.0 = Debug|Any CPU
		{493BF281-3FDA-4900-BECB-72A4AE60A237}.Release|Any CPU.ActiveCfg = Release|Any CPU
		{493BF281-3FDA-4900-BECB-72A4AE60A237}.Release|Any CPU.Build.0 = Release|Any CPU
		{191B20F0-2E16-4075-83FD-7A151EE2820D}.Debug (With Fakes)|Any CPU.ActiveCfg = Debug|Any CPU
		{191B20F0-2E16-4075-83FD-7A151EE2820D}.Debug (With Fakes)|Any CPU.Build.0 = Debug|Any CPU
		{191B20F0-2E16-4075-83FD-7A151EE2820D}.Debug|Any CPU.ActiveCfg = Debug|Any CPU
		{191B20F0-2E16-4075-83FD-7A151EE2820D}.Debug|Any CPU.Build.0 = Debug|Any CPU
		{191B20F0-2E16-4075-83FD-7A151EE2820D}.Release|Any CPU.ActiveCfg = Release|Any CPU
		{191B20F0-2E16-4075-83FD-7A151EE2820D}.Release|Any CPU.Build.0 = Release|Any CPU
		{19AE2B76-62BA-46D1-BD66-35EAE9167E5C}.Debug (With Fakes)|Any CPU.ActiveCfg = Debug|Any CPU
		{19AE2B76-62BA-46D1-BD66-35EAE9167E5C}.Debug (With Fakes)|Any CPU.Build.0 = Debug|Any CPU
		{19AE2B76-62BA-46D1-BD66-35EAE9167E5C}.Debug|Any CPU.ActiveCfg = Debug|Any CPU
		{19AE2B76-62BA-46D1-BD66-35EAE9167E5C}.Debug|Any CPU.Build.0 = Debug|Any CPU
		{19AE2B76-62BA-46D1-BD66-35EAE9167E5C}.Release|Any CPU.ActiveCfg = Release|Any CPU
		{19AE2B76-62BA-46D1-BD66-35EAE9167E5C}.Release|Any CPU.Build.0 = Release|Any CPU
		{93AF0C51-D326-4A72-BB2A-DE341174F0BF}.Debug (With Fakes)|Any CPU.ActiveCfg = Debug|Any CPU
		{93AF0C51-D326-4A72-BB2A-DE341174F0BF}.Debug|Any CPU.ActiveCfg = Debug|Any CPU
		{93AF0C51-D326-4A72-BB2A-DE341174F0BF}.Debug|Any CPU.Build.0 = Debug|Any CPU
		{93AF0C51-D326-4A72-BB2A-DE341174F0BF}.Release|Any CPU.ActiveCfg = Release|Any CPU
		{93AF0C51-D326-4A72-BB2A-DE341174F0BF}.Release|Any CPU.Build.0 = Release|Any CPU
		{E122F8DC-27A4-40C1-A4F5-3E8E8C04603D}.Debug (With Fakes)|Any CPU.ActiveCfg = Debug|Any CPU
		{E122F8DC-27A4-40C1-A4F5-3E8E8C04603D}.Debug (With Fakes)|Any CPU.Build.0 = Debug|Any CPU
		{E122F8DC-27A4-40C1-A4F5-3E8E8C04603D}.Debug|Any CPU.ActiveCfg = Debug|Any CPU
		{E122F8DC-27A4-40C1-A4F5-3E8E8C04603D}.Debug|Any CPU.Build.0 = Debug|Any CPU
		{E122F8DC-27A4-40C1-A4F5-3E8E8C04603D}.Release|Any CPU.ActiveCfg = Release|Any CPU
		{E122F8DC-27A4-40C1-A4F5-3E8E8C04603D}.Release|Any CPU.Build.0 = Release|Any CPU
	EndGlobalSection
	GlobalSection(SolutionProperties) = preSolution
		HideSolutionNode = FALSE
	EndGlobalSection
	GlobalSection(NestedProjects) = preSolution
		{BE00BE07-F1C7-4998-B801-7FE1AB4D6B99} = {FB54BAB6-A5B2-4C45-93C3-AD715D1B61F7}
		{A09E0B89-5FA8-4493-938F-35C180D5FDEC} = {FB54BAB6-A5B2-4C45-93C3-AD715D1B61F7}
		{00269FFF-9346-4A9C-BEF7-113E311313CC} = {FB54BAB6-A5B2-4C45-93C3-AD715D1B61F7}
		{D0E45AA7-5631-4857-B375-24B1DB8A060A} = {E66FC3B3-CF48-47EA-B023-A372300D352A}
		{493BF281-3FDA-4900-BECB-72A4AE60A237} = {B71E4E53-6185-4F0C-9262-340E744C3C20}
		{19AE2B76-62BA-46D1-BD66-35EAE9167E5C} = {B71E4E53-6185-4F0C-9262-340E744C3C20}
		{93AF0C51-D326-4A72-BB2A-DE341174F0BF} = {B71E4E53-6185-4F0C-9262-340E744C3C20}
		{E122F8DC-27A4-40C1-A4F5-3E8E8C04603D} = {B71E4E53-6185-4F0C-9262-340E744C3C20}
		{191B20F0-2E16-4075-83FD-7A151EE2820D} = {B3115B1E-7CB6-4D1D-8036-1571EE15803B}
	EndGlobalSection
	GlobalSection(ExtensibilityGlobals) = postSolution
		EnterpriseLibraryConfigurationToolBinariesPath = packages\Unity.2.1.505.2\lib\NET35
	EndGlobalSection
EndGlobal
